
Microsoft Visual Studio Solution File, Format Version 12.00
# Visual Studio Version 16
VisualStudioVersion = 16.0.31702.278
MinimumVisualStudioVersion = 10.0.40219.1
Project("{FAE04EC0-301F-11D3-BF4B-00C04F79EFBC}") = "SevenZipAll", "SevenZipAll\SevenZipAll.csproj", "{29787989-31DF-4D32-9406-4E574DFE02E9}"
EndProject
Global
	GlobalSection(SolutionConfigurationPlatforms) = preSolution
		Debug|Any CPU = Debug|Any CPU
		Release|Any CPU = Release|Any CPU
	EndGlobalSection
	GlobalSection(ProjectConfigurationPlatforms) = postSolution
		{29787989-31DF-4D32-9406-4E574DFE02E9}.Debug|Any CPU.ActiveCfg = Debug|Any CPU
		{29787989-31DF-4D32-9406-4E574DFE02E9}.Debug|Any CPU.Build.0 = Debug|Any CPU
		{29787989-31DF-4D32-9406-4E574DFE02E9}.Release|Any CPU.ActiveCfg = Release|Any CPU
		{29787989-31DF-4D32-9406-4E574DFE02E9}.Release|Any CPU.Build.0 = Release|Any CPU
	EndGlobalSection
	GlobalSection(SolutionProperties) = preSolution
		HideSolutionNode = FALSE
	EndGlobalSection
	GlobalSection(ExtensibilityGlobals) = postSolution
		SolutionGuid = {AF2A8A3F-F1DF-4BF4-BA42-E660FEDF7580}
	EndGlobalSection
EndGlobal
