
Microsoft Visual Studio Solution File, Format Version 12.00
# Visual Studio Version 17
VisualStudioVersion = 17.2.32616.157
MinimumVisualStudioVersion = 10.0.40219.1
Project("{FAE04EC0-301F-11D3-BF4B-00C04F79EFBC}") = "Threading-Sleep-replacement", "Threading-Sleep-replacement\Threading-Sleep-replacement.csproj", "{B690FEC5-8D18-4D21-889C-6D1B30E1D30C}"
EndProject
Global
	GlobalSection(SolutionConfigurationPlatforms) = preSolution
		Debug|Any CPU = Debug|Any CPU
		Release|Any CPU = Release|Any CPU
	EndGlobalSection
	GlobalSection(ProjectConfigurationPlatforms) = postSolution
		{B690FEC5-8D18-4D21-889C-6D1B30E1D30C}.Debug|Any CPU.ActiveCfg = Debug|Any CPU
		{B690FEC5-8D18-4D21-889C-6D1B30E1D30C}.Debug|Any CPU.Build.0 = Debug|Any CPU
		{B690FEC5-8D18-4D21-889C-6D1B30E1D30C}.Release|Any CPU.ActiveCfg = Release|Any CPU
		{B690FEC5-8D18-4D21-889C-6D1B30E1D30C}.Release|Any CPU.Build.0 = Release|Any CPU
	EndGlobalSection
	GlobalSection(SolutionProperties) = preSolution
		HideSolutionNode = FALSE
	EndGlobalSection
	GlobalSection(ExtensibilityGlobals) = postSolution
		SolutionGuid = {3D22C739-C66D-4C1C-B231-012F7C4985B8}
	EndGlobalSection
EndGlobal
