
Microsoft Visual Studio Solution File, Format Version 12.00
# Visual Studio Version 16
VisualStudioVersion = 16.0.31702.278
MinimumVisualStudioVersion = 10.0.40219.1
Project("{FAE04EC0-301F-11D3-BF4B-00C04F79EFBC}") = "RandomPwGeneratorFramew", "RandomPwGeneratorFramew\RandomPwGeneratorFramew.csproj", "{C3A0F1F3-7C42-482D-B3D5-E5E50D0CD1E0}"
EndProject
Project("{2150E333-8FDC-42A3-9474-1A3956D46DE8}") = "Solution Items", "Solution Items", "{378646DC-8A95-4AE8-8072-1633828F9130}"
	ProjectSection(SolutionItems) = preProject
		.editorconfig = .editorconfig
	EndProjectSection
EndProject
Global
	GlobalSection(SolutionConfigurationPlatforms) = preSolution
		Debug|Any CPU = Debug|Any CPU
		Release|Any CPU = Release|Any CPU
	EndGlobalSection
	GlobalSection(ProjectConfigurationPlatforms) = postSolution
		{C3A0F1F3-7C42-482D-B3D5-E5E50D0CD1E0}.Debug|Any CPU.ActiveCfg = Debug|Any CPU
		{C3A0F1F3-7C42-482D-B3D5-E5E50D0CD1E0}.Debug|Any CPU.Build.0 = Debug|Any CPU
		{C3A0F1F3-7C42-482D-B3D5-E5E50D0CD1E0}.Release|Any CPU.ActiveCfg = Release|Any CPU
		{C3A0F1F3-7C42-482D-B3D5-E5E50D0CD1E0}.Release|Any CPU.Build.0 = Release|Any CPU
	EndGlobalSection
	GlobalSection(SolutionProperties) = preSolution
		HideSolutionNode = FALSE
	EndGlobalSection
	GlobalSection(ExtensibilityGlobals) = postSolution
		SolutionGuid = {9027CDBC-5F36-4692-9A7E-2CD82D7BE341}
	EndGlobalSection
EndGlobal
